
Microsoft Visual Studio Solution File, Format Version 12.00
Project("{FAE04EC0-301F-11D3-BF4B-00C04F79EFBC}") = "MarcAiAPI.Application", "MarcAiAPI.Application\MarcAiAPI.Application.csproj", "{0F9ABD5F-852D-49A0-BBB7-5FA511F857EF}"
EndProject
Project("{2150E333-8FDC-42A3-9474-1A3956D46DE8}") = "1 - Application", "1 - Application", "{C449DC3D-378B-4906-88DF-3320F6D946F4}"
EndProject
Project("{2150E333-8FDC-42A3-9474-1A3956D46DE8}") = "2 - Domain", "2 - Domain", "{DA4E7466-4D90-455E-8881-F929171C7549}"
EndProject
Project("{2150E333-8FDC-42A3-9474-1A3956D46DE8}") = "3 - Service", "3 - Service", "{0894B97E-5DCB-4ABF-A663-99E9BE01A239}"
EndProject
Project("{2150E333-8FDC-42A3-9474-1A3956D46DE8}") = "4 - Infra", "4 - Infra", "{A758335B-6D6A-45CC-9AC3-A17A3EA2A116}"
EndProject
Project("{2150E333-8FDC-42A3-9474-1A3956D46DE8}") = "4.1 - Infra.Data", "4.1 - Infra.Data", "{F01EA20F-B818-4F42-A7E1-01290A7F41F8}"
EndProject
Project("{2150E333-8FDC-42A3-9474-1A3956D46DE8}") = "4.2 - Infra.CrossCutting", "4.2 - Infra.CrossCutting", "{F359DB22-6DDB-4900-929A-424856F1EE3B}"
EndProject
Project("{FAE04EC0-301F-11D3-BF4B-00C04F79EFBC}") = "MarcAiAPI.Domain", "MarcAiAPI.Domain\MarcAiAPI.Domain.csproj", "{3D92DD4C-01A6-40F0-A292-83FE4939052E}"
EndProject
Project("{FAE04EC0-301F-11D3-BF4B-00C04F79EFBC}") = "MarcAiAPI.Service", "MarcAiAPI.Service\MarcAiAPI.Service.csproj", "{0D9EA301-04CD-4637-9148-926A6456E048}"
EndProject
Project("{FAE04EC0-301F-11D3-BF4B-00C04F79EFBC}") = "MarcAiAPI.Infra.Data", "MarcAiAPI.Infra.Data\MarcAiAPI.Infra.Data.csproj", "{442721F7-C867-43CB-AF1C-1164B7314561}"
EndProject
Project("{FAE04EC0-301F-11D3-BF4B-00C04F79EFBC}") = "MarcAiAPI.Infra.CrossCutting", "MarcAiAPI.Infra.CrossCutting\MarcAiAPI.Infra.CrossCutting.csproj", "{987B53F5-5BD8-4CA7-A6C7-C4E1453FCF9E}"
EndProject
Global
	GlobalSection(SolutionConfigurationPlatforms) = preSolution
		Debug|Any CPU = Debug|Any CPU
		Release|Any CPU = Release|Any CPU
	EndGlobalSection
	GlobalSection(ProjectConfigurationPlatforms) = postSolution
		{0F9ABD5F-852D-49A0-BBB7-5FA511F857EF}.Debug|Any CPU.ActiveCfg = Debug|Any CPU
		{0F9ABD5F-852D-49A0-BBB7-5FA511F857EF}.Debug|Any CPU.Build.0 = Debug|Any CPU
		{0F9ABD5F-852D-49A0-BBB7-5FA511F857EF}.Release|Any CPU.ActiveCfg = Release|Any CPU
		{0F9ABD5F-852D-49A0-BBB7-5FA511F857EF}.Release|Any CPU.Build.0 = Release|Any CPU
		{3D92DD4C-01A6-40F0-A292-83FE4939052E}.Debug|Any CPU.ActiveCfg = Debug|Any CPU
		{3D92DD4C-01A6-40F0-A292-83FE4939052E}.Debug|Any CPU.Build.0 = Debug|Any CPU
		{3D92DD4C-01A6-40F0-A292-83FE4939052E}.Release|Any CPU.ActiveCfg = Release|Any CPU
		{3D92DD4C-01A6-40F0-A292-83FE4939052E}.Release|Any CPU.Build.0 = Release|Any CPU
		{0D9EA301-04CD-4637-9148-926A6456E048}.Debug|Any CPU.ActiveCfg = Debug|Any CPU
		{0D9EA301-04CD-4637-9148-926A6456E048}.Debug|Any CPU.Build.0 = Debug|Any CPU
		{0D9EA301-04CD-4637-9148-926A6456E048}.Release|Any CPU.ActiveCfg = Release|Any CPU
		{0D9EA301-04CD-4637-9148-926A6456E048}.Release|Any CPU.Build.0 = Release|Any CPU
		{442721F7-C867-43CB-AF1C-1164B7314561}.Debug|Any CPU.ActiveCfg = Debug|Any CPU
		{442721F7-C867-43CB-AF1C-1164B7314561}.Debug|Any CPU.Build.0 = Debug|Any CPU
		{442721F7-C867-43CB-AF1C-1164B7314561}.Release|Any CPU.ActiveCfg = Release|Any CPU
		{442721F7-C867-43CB-AF1C-1164B7314561}.Release|Any CPU.Build.0 = Release|Any CPU
		{987B53F5-5BD8-4CA7-A6C7-C4E1453FCF9E}.Debug|Any CPU.ActiveCfg = Debug|Any CPU
		{987B53F5-5BD8-4CA7-A6C7-C4E1453FCF9E}.Debug|Any CPU.Build.0 = Debug|Any CPU
		{987B53F5-5BD8-4CA7-A6C7-C4E1453FCF9E}.Release|Any CPU.ActiveCfg = Release|Any CPU
		{987B53F5-5BD8-4CA7-A6C7-C4E1453FCF9E}.Release|Any CPU.Build.0 = Release|Any CPU
	EndGlobalSection
	GlobalSection(NestedProjects) = preSolution
		{0F9ABD5F-852D-49A0-BBB7-5FA511F857EF} = {C449DC3D-378B-4906-88DF-3320F6D946F4}
		{F01EA20F-B818-4F42-A7E1-01290A7F41F8} = {A758335B-6D6A-45CC-9AC3-A17A3EA2A116}
		{F359DB22-6DDB-4900-929A-424856F1EE3B} = {A758335B-6D6A-45CC-9AC3-A17A3EA2A116}
		{3D92DD4C-01A6-40F0-A292-83FE4939052E} = {DA4E7466-4D90-455E-8881-F929171C7549}
		{0D9EA301-04CD-4637-9148-926A6456E048} = {0894B97E-5DCB-4ABF-A663-99E9BE01A239}
		{442721F7-C867-43CB-AF1C-1164B7314561} = {F01EA20F-B818-4F42-A7E1-01290A7F41F8}
		{987B53F5-5BD8-4CA7-A6C7-C4E1453FCF9E} = {F359DB22-6DDB-4900-929A-424856F1EE3B}
	EndGlobalSection
EndGlobal
